github.com/google/go-cmp v0.7.0 h1:wk8382ETsv4JYUZwIsn6YpYiWiBsYLSJiTsyBybVuN8=
github.com/google/go-cmp v0.7.0/go.mod h1:pXiqmnSA92OHEEa9HXL2W4E7lf9JzCmGVUdgjX3N/iU=
github.com/shogo82148/floats v0.4.0 h1:j+mdZ/QYS4JjkJ7eyW9A7X+I6Bz0d9YmDIyZG4Pn1cY=
github.com/shogo82148/floats v0.4.0/go.mod h1:zuRVtUofTjwmyQs9i85Y/0KJmAYnLk72DO/qqI8iBCU=
github.com/shogo82148/ints v0.1.3 h1:d0jJ4P71nOWfX1XVX7iWD+qdRpZ72uut+O/q+39Tf/c=
github.com/shogo82148/ints v0.1.3/go.mod h1:gbLl66XIaav9DKkYMj9/I6DtV+ZcwWHPqpcFnLq3ANM=
github.com/shogo82148/pointer v1.4.0 h1:mEpe+gtEWGP4cX8o5YJdmKAbSsYBCqfMQ70RarPJKGE=
github.com/shogo82148/pointer v1.4.0/go.mod h1:agZ5JFpavFPXznbWonIvbG78NDfvDTFppe+7o53up5w=
