github.com/google/go-cmp v0.6.0 h1:ofyhxvXcZhMsU5ulbFiLKl/XBFqE1GSq7atu8tAmTRI=
github.com/google/go-cmp v0.6.0/go.mod h1:17dUlkBOakJ0+DkrSSNjCkIjxS6bF9zb3elmeNGIjoY=
github.com/shogo82148/float16 v0.5.1 h1:Nqa30ihK+zHtHkcXqVMIlTvfKEGnzRidfY3rrm66M/U=
github.com/shogo82148/float16 v0.5.1/go.mod h1:Bz4H+vIST9oMy+hC2XUANvBHWY1NFOU4+sJVoj59w70=
github.com/shogo82148/int128 v0.2.0 h1:LDkFxWdBOCkzGfvFbCeFixc9fgL5mkOPW8eqCWQr5qE=
github.com/shogo82148/int128 v0.2.0/go.mod h1:piOmnBaUvAz9m7x71/YcU8HgDQTw81u8brBwWzOxtI4=
github.com/shogo82148/pointer v1.3.0 h1:LW5V2jUAjFNjS8e7k/PgFoh3EavOSB/vvN85aGue5+I=
github.com/shogo82148/pointer v1.3.0/go.mod h1:agZ5JFpavFPXznbWonIvbG78NDfvDTFppe+7o53up5w=
